PODS:
  - MyComponentA (0.1.0):
    - MyTestRouter (~> 0.1.0)
  - MyTestRouter (0.1.0)

DEPENDENCIES:
  - MyComponentA

SPEC REPOS:
  trunk:
    - MyComponentA
    - MyTestRouter

SPEC CHECKSUMS:
  MyComponentA: a291904b3e6ed0b48137e612b2758855d3184c04
  MyTestRouter: 8888a8172ffbff008aea3be7b16a2b1ae9a1a236

PODFILE CHECKSUM: 6474ad698789b6f5f69185291a6b2c37a85be216

COCOAPODS: 1.9.3
